# Generated by pub
# See https://dart.dev/tools/pub/glossary#lockfile
packages:
  _flutterfire_internals:
    dependency: transitive
    description:
      name: _flutterfire_internals
      sha256: "6a0ad72b2bcdb461749e40c01c478212a78db848dfcb2f10f2a461988bc5fb29"
      url: "https://pub.dev"
    source: hosted
    version: "1.1.1"
  adaptive_number:
    dependency: transitive
    description:
      name: adaptive_number
      sha256: "3a567544e9b5c9c803006f51140ad544aedc79604fd4f3f2c1380003f97c1d77"
      url: "https://pub.dev"
    source: hosted
    version: "1.0.0"
  archive:
    dependency: transitive
    description:
      name: archive
      sha256: "80e5141fafcb3361653ce308776cfd7d45e6e9fbb429e14eec571382c0c5fecb"
      url: "https://pub.dev"
    source: hosted
    version: "3.3.2"
  async:
    dependency: transitive
    description:
      name: async
      sha256: bfe67ef28df125b7dddcea62755991f807aa39a2492a23e1550161692950bbe0
      url: "https://pub.dev"
    source: hosted
    version: "2.10.0"
  boolean_selector:
    dependency: transitive
    description:
      name: boolean_selector
      sha256: "6cfb5af12253eaf2b368f07bacc5a80d1301a071c73360d746b7f2e32d762c66"
      url: "https://pub.dev"
    source: hosted
    version: "2.1.1"
  characters:
    dependency: transitive
    description:
      name: characters
      sha256: e6a326c8af69605aec75ed6c187d06b349707a27fbff8222ca9cc2cff167975c
      url: "https://pub.dev"
    source: hosted
    version: "1.2.1"
  clock:
    dependency: transitive
    description:
      name: clock
      sha256: cb6d7f03e1de671e34607e909a7213e31d7752be4fb66a86d29fe1eb14bfb5cf
      url: "https://pub.dev"
    source: hosted
    version: "1.1.1"
  cloud_firestore:
    dependency: "direct main"
    description:
      name: cloud_firestore
      sha256: "7e15d929d3d82774bffaf4b2c0bfc85b429fe08dff7280a601c43f309cea1ebf"
      url: "https://pub.dev"
    source: hosted
    version: "4.5.3"
  cloud_firestore_platform_interface:
    dependency: transitive
    description:
      name: cloud_firestore_platform_interface
      sha256: "76ba7b9dd43ce7f07e75a2349f3eb3e2c61e1bea88fec4798c3377cccf44cd7a"
      url: "https://pub.dev"
    source: hosted
    version: "5.12.1"
  cloud_firestore_web:
    dependency: transitive
    description:
      name: cloud_firestore_web
      sha256: "0c1305722339e0b3fc0ce62bf6233b3f8762cc105a26af02171b849e6a3b3727"
      url: "https://pub.dev"
    source: hosted
    version: "3.4.2"
  cloud_functions:
    dependency: "direct main"
    description:
      name: cloud_functions
      sha256: e22ff122e75ccb6d9d521415d35c25807ba6300932ec3c8ca8ccb73dc5aa39b6
      url: "https://pub.dev"
    source: hosted
    version: "4.1.1"
  cloud_functions_platform_interface:
    dependency: transitive
    description:
      name: cloud_functions_platform_interface
      sha256: d92bd40b3fbcfe32babac91c6423725ace783880f9d06c7c92d44249afc3abfb
      url: "https://pub.dev"
    source: hosted
    version: "5.2.1"
  cloud_functions_web:
    dependency: transitive
    description:
      name: cloud_functions_web
      sha256: deffdf2f54d47d88192b82d331065f4a419e49616d1b662785af64556a1760ce
      url: "https://pub.dev"
    source: hosted
    version: "4.4.1"
  collection:
    dependency: transitive
    description:
      name: collection
      sha256: cfc915e6923fe5ce6e153b0723c753045de46de1b4d63771530504004a45fae0
      url: "https://pub.dev"
    source: hosted
    version: "1.17.0"
  convert:
    dependency: transitive
    description:
      name: convert
      sha256: "0f08b14755d163f6e2134cb58222dd25ea2a2ee8a195e53983d57c075324d592"
      url: "https://pub.dev"
    source: hosted
    version: "3.1.1"
  crypto:
    dependency: transitive
    description:
      name: crypto
      sha256: aa274aa7774f8964e4f4f38cc994db7b6158dd36e9187aaceaddc994b35c6c67
      url: "https://pub.dev"
    source: hosted
    version: "3.0.2"
  cupertino_icons:
    dependency: "direct main"
    description:
      name: cupertino_icons
      sha256: e35129dc44c9118cee2a5603506d823bab99c68393879edb440e0090d07586be
      url: "https://pub.dev"
    source: hosted
    version: "1.0.5"
  dart_jsonwebtoken:
    dependency: transitive
    description:
      name: dart_jsonwebtoken
      sha256: "2a42e97c0b8b4e9a42b24a71453635f445c7b66c7d7c81e3a429f37ead9fe778"
      url: "https://pub.dev"
    source: hosted
    version: "2.7.1"
  ed25519_edwards:
    dependency: transitive
    description:
      name: ed25519_edwards
      sha256: "6ce0112d131327ec6d42beede1e5dfd526069b18ad45dcf654f15074ad9276cd"
      url: "https://pub.dev"
    source: hosted
    version: "0.3.1"
  equatable:
    dependency: transitive
    description:
      name: equatable
      sha256: c2b87cb7756efdf69892005af546c56c0b5037f54d2a88269b4f347a505e3ca2
      url: "https://pub.dev"
    source: hosted
    version: "2.0.5"
  fake_async:
    dependency: transitive
    description:
      name: fake_async
      sha256: "511392330127add0b769b75a987850d136345d9227c6b94c96a04cf4a391bf78"
      url: "https://pub.dev"
    source: hosted
    version: "1.3.1"
  ffi:
    dependency: transitive
    description:
      name: ffi
      sha256: a38574032c5f1dd06c4aee541789906c12ccaab8ba01446e800d9c5b79c4a978
      url: "https://pub.dev"
    source: hosted
    version: "2.0.1"
  file:
    dependency: transitive
    description:
      name: file
      sha256: "1b92bec4fc2a72f59a8e15af5f52cd441e4a7860b49499d69dfa817af20e925d"
      url: "https://pub.dev"
    source: hosted
    version: "6.1.4"
  firebase_analytics:
    dependency: "direct main"
    description:
      name: firebase_analytics
      sha256: "2d8f475f79658a8e1865ee8a9e2e8eea70de5e487e3a646d9073dc3d1520d3e8"
      url: "https://pub.dev"
    source: hosted
    version: "10.2.1"
  firebase_analytics_platform_interface:
    dependency: transitive
    description:
      name: firebase_analytics_platform_interface
      sha256: a667807edbcd3f5a6336275a21c8802de8f98f0a91b8c97abb76119b142aa91d
      url: "https://pub.dev"
    source: hosted
    version: "3.4.1"
  firebase_analytics_web:
    dependency: transitive
    description:
      name: firebase_analytics_web
      sha256: "907285030d59570d7c1a8d721912db990957ab9b87736e50a9457491c16bcffe"
      url: "https://pub.dev"
    source: hosted
    version: "0.5.2+1"
  firebase_app_check:
    dependency: "direct main"
    description:
      name: firebase_app_check
      sha256: ffb821dd837ab1b1e6d834dc6effd4c3cf853ec944ec4dac9e47d2111c0d3eab
      url: "https://pub.dev"
    source: hosted
    version: "0.1.2+3"
  firebase_app_check_platform_interface:
    dependency: transitive
    description:
      name: firebase_app_check_platform_interface
      sha256: "0b894210270fdd28f175854561d9c18b9821dc9ba5219ec38498a463292af0b1"
      url: "https://pub.dev"
    source: hosted
    version: "0.0.6+2"
  firebase_app_check_web:
    dependency: transitive
    description:
      name: firebase_app_check_web
      sha256: dcbd0544eaf499b505c528c22911ec024f7ff2e60f216c888fecca3dfa838636
      url: "https://pub.dev"
    source: hosted
    version: "0.0.8+2"
  firebase_app_installations:
    dependency: "direct main"
    description:
      name: firebase_app_installations
      sha256: "3fa0bc386f8e9419e4e853fefacc4de01151a845d2a0bab24cc9759c5053ace7"
      url: "https://pub.dev"
    source: hosted
    version: "0.2.2+1"
  firebase_app_installations_platform_interface:
    dependency: transitive
    description:
      name: firebase_app_installations_platform_interface
      sha256: "8b5e91eccebb816702b86071e7239321f45cf517275c9e74083bafeb059e83b4"
      url: "https://pub.dev"
    source: hosted
    version: "0.1.2+1"
  firebase_app_installations_web:
    dependency: transitive
    description:
      name: firebase_app_installations_web
      sha256: "07a74be2ec3c529a9246a0aa0001ce36745199a5790b14d70754054f9eef6846"
      url: "https://pub.dev"
    source: hosted
    version: "0.1.2+1"
  firebase_auth:
    dependency: "direct main"
    description:
      name: firebase_auth
      sha256: "8c97619ed2633148c41c344a59461f23c73bf8aa477ae48296703f06d9621fb0"
      url: "https://pub.dev"
    source: hosted
    version: "4.4.2"
  firebase_auth_mocks:
    dependency: "direct main"
    description:
      name: firebase_auth_mocks
      sha256: c4398019066d1bd0e91a0ba6067272a3a60c7ff8b211aa9c2139b273abe98914
      url: "https://pub.dev"
    source: hosted
    version: "0.10.3"
  firebase_auth_platform_interface:
    dependency: transitive
    description:
      name: firebase_auth_platform_interface
      sha256: f7db119be795d79533c503887075a0315fc3ae1da6f9a9cd4f9100a62c68859c
      url: "https://pub.dev"
    source: hosted
    version: "6.13.1"
  firebase_auth_web:
    dependency: transitive
    description:
      name: firebase_auth_web
      sha256: "45687246f5be811baf3810652460acd0f3d8c98f9d8f8b1961d7cc5c15c1e803"
      url: "https://pub.dev"
    source: hosted
    version: "5.3.2"
  firebase_core:
    dependency: "direct main"
    description:
      name: firebase_core
      sha256: "239e4ac688674a7e7b5476fd16b0d8e2b5a453d464f32091af3ce1df4ebb7316"
      url: "https://pub.dev"
    source: hosted
    version: "2.10.0"
  firebase_core_platform_interface:
    dependency: transitive
    description:
      name: firebase_core_platform_interface
      sha256: "0df0a064ab0cad7f8836291ca6f3272edd7b83ad5b3540478ee46a0849d8022b"
      url: "https://pub.dev"
    source: hosted
    version: "4.6.0"
  firebase_core_web:
    dependency: transitive
    description:
      name: firebase_core_web
      sha256: "347351a8f0518f3343d79a9a0690fa67ad232fc32e2ea270677791949eac792b"
      url: "https://pub.dev"
    source: hosted
    version: "2.3.0"
  firebase_crashlytics:
    dependency: "direct main"
    description:
      name: firebase_crashlytics
      sha256: "02ce958507138d938b4611e3a4910667a44b969b0c20a810bbc97bbf967ba0d7"
      url: "https://pub.dev"
    source: hosted
    version: "3.1.2"
  firebase_crashlytics_platform_interface:
    dependency: transitive
    description:
      name: firebase_crashlytics_platform_interface
      sha256: b9c7b8498c877a2901ad323fc92c10f672be1597bc82d08f121f6228f321a7e0
      url: "https://pub.dev"
    source: hosted
    version: "3.4.1"
  firebase_database:
    dependency: "direct main"
    description:
      name: firebase_database
      sha256: "39e4fe701ffc9e6d963018348c4bfcf989671c1eb9f29c04663a4e7130c2107c"
      url: "https://pub.dev"
    source: hosted
    version: "10.1.1"
  firebase_database_platform_interface:
    dependency: transitive
    description:
      name: firebase_database_platform_interface
      sha256: "0490b234c72e84cc8b35991a7c02956e58f9fb52fd1705a5fb80d2b434d60078"
      url: "https://pub.dev"
    source: hosted
    version: "0.2.3+1"
  firebase_database_web:
    dependency: transitive
    description:
      name: firebase_database_web
      sha256: c3ab578fd2bf0fe6d4af61554e325b1f629c769cb61d509162f2d5942fa2c983
      url: "https://pub.dev"
    source: hosted
    version: "0.2.2+1"
  firebase_dynamic_links:
    dependency: "direct main"
    description:
      name: firebase_dynamic_links
      sha256: e23f9d7323efc4532226d18cf1b7c05d1e348267a1a52bc1a18576a4d5f76849
      url: "https://pub.dev"
    source: hosted
    version: "5.1.1"
  firebase_dynamic_links_platform_interface:
    dependency: transitive
    description:
      name: firebase_dynamic_links_platform_interface
      sha256: afcefb6b49416f4c0631fb5a80f516729fc39cd8163de27e287f2d72ac017fbc
      url: "https://pub.dev"
    source: hosted
    version: "0.2.4+1"
  firebase_in_app_messaging:
    dependency: "direct main"
    description:
      name: firebase_in_app_messaging
      sha256: "195e42b108f7de13e0f1cac538bdef12e570fda2424aee1b8936713dcefd6c70"
      url: "https://pub.dev"
    source: hosted
    version: "0.7.1+1"
  firebase_in_app_messaging_platform_interface:
    dependency: transitive
    description:
      name: firebase_in_app_messaging_platform_interface
      sha256: a6ed842751a0d0091f505f27928a2f27fa2b1474d5f44c446352e3bfde1134e3
      url: "https://pub.dev"
    source: hosted
    version: "0.2.2+1"
  firebase_messaging:
    dependency: "direct main"
    description:
      name: firebase_messaging
      sha256: b300f728021b52018e4fc5aed326e71f876ef58219d7f10754370f424a338929
      url: "https://pub.dev"
    source: hosted
    version: "14.4.1"
  firebase_messaging_platform_interface:
    dependency: transitive
    description:
      name: firebase_messaging_platform_interface
      sha256: "3585b447d9a8c8a22ab6c14ffe57c64c0fcd9656e437e3dd226ef88a5f334b84"
      url: "https://pub.dev"
    source: hosted
    version: "4.3.1"
  firebase_messaging_web:
    dependency: transitive
    description:
      name: firebase_messaging_web
      sha256: "9e95a7694a1a24a8cdb047351c5a75583c84767d82ce74c52647ee9f81b425ae"
      url: "https://pub.dev"
    source: hosted
    version: "3.3.1"
  firebase_ml_model_downloader:
    dependency: "direct main"
    description:
      name: firebase_ml_model_downloader
      sha256: d5ddf633a05207ca09c1d3bd5b40441fe7f602c9091f5d944f403537796fc51e
      url: "https://pub.dev"
    source: hosted
    version: "0.2.1+1"
  firebase_ml_model_downloader_platform_interface:
    dependency: transitive
    description:
      name: firebase_ml_model_downloader_platform_interface
      sha256: "6983fdf0cb4e04a517bf48ecd44ef338cebd72954c21aeedf4bba6e8ab05d300"
      url: "https://pub.dev"
    source: hosted
    version: "0.1.2+1"
  firebase_performance:
    dependency: "direct main"
    description:
      name: firebase_performance
      sha256: "14f4d1e89e757f0aa1dec83c13ca390bbd728aca1ccc3ad19e6a23e2710f45b7"
      url: "https://pub.dev"
    source: hosted
    version: "0.9.1+1"
  firebase_performance_platform_interface:
    dependency: transitive
    description:
      name: firebase_performance_platform_interface
      sha256: "0914a49c4ca2cc74ac4c7fde719f280896b4c1d1bbe5fa72e059da0803cbc493"
      url: "https://pub.dev"
    source: hosted
    version: "0.1.2+1"
  firebase_performance_web:
    dependency: transitive
    description:
      name: firebase_performance_web
      sha256: "8192e4e112e9e09d2c9bbc8ab51d7c4e34ea618d15452d0ecfa6141e8babbd40"
      url: "https://pub.dev"
    source: hosted
    version: "0.1.2+1"
  firebase_remote_config:
    dependency: "direct main"
    description:
      name: firebase_remote_config
      sha256: "191aa5376ccf512d12e124dc7a99abcb6bd5d4e2b073d102253dd94d5a513e57"
      url: "https://pub.dev"
    source: hosted
    version: "3.0.15"
  firebase_remote_config_platform_interface:
    dependency: transitive
    description:
      name: firebase_remote_config_platform_interface
      sha256: "078b9f67fcd95c69a8e8ffaedb7a39bac80f58fb933468abe11c228b860a24a2"
      url: "https://pub.dev"
    source: hosted
    version: "1.2.2"
  firebase_remote_config_web:
    dependency: transitive
    description:
      name: firebase_remote_config_web
      sha256: "2da76606dfad6d116bd0291c082563c9b307d90ae047d64ac629eb405714eaa2"
      url: "https://pub.dev"
    source: hosted
    version: "1.2.2"
  firebase_storage:
    dependency: "direct main"
    description:
      name: firebase_storage
      sha256: "50f0916a04e351ae549582e66bd33d9eb39c2ccb426e8e8c601a17471259d06f"
      url: "https://pub.dev"
    source: hosted
    version: "11.1.1"
  firebase_storage_platform_interface:
    dependency: transitive
    description:
      name: firebase_storage_platform_interface
      sha256: "2711e985fd61242914dd1253b496286b03d292c2ff0f8863cc17ed14cf1bb3da"
      url: "https://pub.dev"
    source: hosted
    version: "4.2.1"
  firebase_storage_web:
    dependency: transitive
    description:
      name: firebase_storage_web
      sha256: "16622540f424c871e71150140da6a02e9df60c9536e46d3243300f18c206cbc3"
      url: "https://pub.dev"
    source: hosted
    version: "3.4.1"
  fixnum:
    dependency: transitive
    description:
      name: fixnum
      sha256: "25517a4deb0c03aa0f32fd12db525856438902d9c16536311e76cdc57b31d7d1"
      url: "https://pub.dev"
    source: hosted
    version: "1.1.0"
  flutter:
    dependency: "direct main"
    description: flutter
    source: sdk
    version: "0.0.0"
  flutter_driver:
    dependency: transitive
    description: flutter
    source: sdk
    version: "0.0.0"
  flutter_google_places:
    dependency: "direct main"
    description:
      name: flutter_google_places
      sha256: e9fb23ceacdc7359aa759627550146f7fd3ae6c067d16f39f3c50d8feebf4809
      url: "https://pub.dev"
    source: hosted
    version: "0.3.0"
  flutter_lints:
    dependency: "direct dev"
    description:
      name: flutter_lints
      sha256: aeb0b80a8b3709709c9cc496cdc027c5b3216796bc0af0ce1007eaf24464fd4c
      url: "https://pub.dev"
    source: hosted
    version: "2.0.1"
  flutter_proxy:
    dependency: "direct main"
    description:
      name: flutter_proxy
      sha256: "02ae05bece6b5ca698ee7764d61e3eedf13f65f9c343846fb4b1b3e0fdbd5aed"
      url: "https://pub.dev"
    source: hosted
    version: "0.1.2"
  flutter_test:
    dependency: "direct dev"
    description: flutter
    source: sdk
    version: "0.0.0"
  flutter_web_plugins:
    dependency: transitive
    description: flutter
    source: sdk
    version: "0.0.0"
  fuchsia_remote_debug_protocol:
    dependency: transitive
    description: flutter
    source: sdk
    version: "0.0.0"
  geocoding:
    dependency: "direct main"
    description:
      name: geocoding
      sha256: b34c0501bbbaf3190b85bef3078b27cf66c28a8915c6d3af50d67f356aa7da31
      url: "https://pub.dev"
    source: hosted
    version: "2.1.0"
  geocoding_android:
    dependency: transitive
    description:
      name: geocoding_android
      sha256: "5a1fc0cec9b0497b44ca31c1fa8d1c891f3aded1053e6bb2eac075d3bd1bf046"
      url: "https://pub.dev"
    source: hosted
    version: "2.1.0"
  geocoding_ios:
    dependency: transitive
    description:
      name: geocoding_ios
      sha256: c85495ce8fb34e4fbd2dd8fc5f79263d622d9f88c4af948c965daf6b27a7f3a1
      url: "https://pub.dev"
    source: hosted
    version: "2.1.0"
  geocoding_platform_interface:
    dependency: transitive
    description:
      name: geocoding_platform_interface
      sha256: "8848605d307d844d89937cdb4b8ad7dfa880552078f310fa24d8a460f6dddab4"
      url: "https://pub.dev"
    source: hosted
    version: "2.0.1"
  geolocator:
    dependency: "direct main"
    description:
      name: geolocator
      sha256: "5c23f3613f50586c0bbb2b8f970240ae66b3bd992088cf60dd5ee2e6f7dde3a8"
      url: "https://pub.dev"
    source: hosted
    version: "9.0.2"
  geolocator_android:
    dependency: transitive
    description:
      name: geolocator_android
      sha256: "2ba24690aee0a3e1b6b7bd47c2711a50c874e95e4c758346589d35194adf6d6a"
      url: "https://pub.dev"
    source: hosted
    version: "4.1.7"
  geolocator_apple:
    dependency: transitive
    description:
      name: geolocator_apple
      sha256: "22b60ca3b8c0f58e6a9688ff855ee39ab813ca3f0c0609a48d282f6631266f2e"
      url: "https://pub.dev"
    source: hosted
    version: "2.2.5"
  geolocator_platform_interface:
    dependency: transitive
    description:
      name: geolocator_platform_interface
      sha256: af4d69231452f9620718588f41acc4cb58312368716bfff2e92e770b46ce6386
      url: "https://pub.dev"
    source: hosted
    version: "4.0.7"
  geolocator_web:
    dependency: transitive
    description:
      name: geolocator_web
      sha256: f68a122da48fcfff68bbc9846bb0b74ef651afe84a1b1f6ec20939de4d6860e1
      url: "https://pub.dev"
    source: hosted
    version: "2.1.6"
  geolocator_windows:
    dependency: transitive
    description:
      name: geolocator_windows
      sha256: f5911c88e23f48b598dd506c7c19eff0e001645bdc03bb6fecb9f4549208354d
      url: "https://pub.dev"
    source: hosted
    version: "0.1.1"
  get:
    dependency: transitive
    description:
      name: get
      sha256: "2ba20a47c8f1f233bed775ba2dd0d3ac97b4cf32fc17731b3dfc672b06b0e92a"
      url: "https://pub.dev"
    source: hosted
    version: "4.6.5"
  get_storage:
    dependency: "direct main"
    description:
      name: get_storage
      sha256: "39db1fffe779d0c22b3a744376e86febe4ade43bf65e06eab5af707dc84185a2"
      url: "https://pub.dev"
    source: hosted
    version: "2.1.1"
  google_api_headers:
    dependency: transitive
    description:
      name: google_api_headers
      sha256: ac6f4e27e35c9eb4fbe8ce4ce7380e651d3a7bee3ad4c2ff30e67aaa73f005d3
      url: "https://pub.dev"
    source: hosted
    version: "1.5.0+1"
  google_maps_webservice:
    dependency: transitive
    description:
      name: google_maps_webservice
      sha256: d0ae4e4508afd74a3f051565261a3cdbae59db29448f9b6e6beb5674545e1eb7
      url: "https://pub.dev"
    source: hosted
    version: "0.0.20-nullsafety.5"
  http:
    dependency: "direct main"
    description:
      name: http
      sha256: "6aa2946395183537c8b880962d935877325d6a09a2867c3970c05c0fed6ac482"
      url: "https://pub.dev"
    source: hosted
    version: "0.13.5"
  http_parser:
    dependency: transitive
    description:
      name: http_parser
      sha256: "2aa08ce0341cc9b354a498388e30986515406668dbcc4f7c950c3e715496693b"
      url: "https://pub.dev"
    source: hosted
    version: "4.0.2"
  http_proxy:
    dependency: "direct main"
    description:
      name: http_proxy
      sha256: "7d5bc7ad1b0c6d0cfb5da97c5bfe302082f93d32cf5c67d484d1a4085b3ffa58"
      url: "https://pub.dev"
    source: hosted
    version: "1.2.1"
  integration_test:
    dependency: "direct dev"
    description: flutter
    source: sdk
    version: "0.0.0"
  intl:
    dependency: "direct main"
    description:
      name: intl
      sha256: "910f85bce16fb5c6f614e117efa303e85a1731bb0081edf3604a2ae6e9a3cc91"
      url: "https://pub.dev"
    source: hosted
    version: "0.17.0"
  js:
    dependency: transitive
    description:
      name: js
      sha256: "5528c2f391ededb7775ec1daa69e65a2d61276f7552de2b5f7b8d34ee9fd4ab7"
      url: "https://pub.dev"
    source: hosted
    version: "0.6.5"
  json_annotation:
    dependency: transitive
    description:
      name: json_annotation
      sha256: c33da08e136c3df0190bd5bbe51ae1df4a7d96e7954d1d7249fea2968a72d317
      url: "https://pub.dev"
    source: hosted
    version: "4.8.0"
  like_button:
    dependency: "direct main"
    description:
      name: like_button
      sha256: "08e6a45b78888412df5d351786c550205ad3a677e72a0820d5bbc0b063c8a463"
      url: "https://pub.dev"
    source: hosted
    version: "2.0.5"
  lints:
    dependency: transitive
    description:
      name: lints
      sha256: "5e4a9cd06d447758280a8ac2405101e0e2094d2a1dbdd3756aec3fe7775ba593"
      url: "https://pub.dev"
    source: hosted
    version: "2.0.1"
  matcher:
    dependency: transitive
    description:
      name: matcher
      sha256: "16db949ceee371e9b99d22f88fa3a73c4e59fd0afed0bd25fc336eb76c198b72"
      url: "https://pub.dev"
    source: hosted
    version: "0.12.13"
  material_color_utilities:
    dependency: transitive
    description:
      name: material_color_utilities
      sha256: d92141dc6fe1dad30722f9aa826c7fbc896d021d792f80678280601aff8cf724
      url: "https://pub.dev"
    source: hosted
    version: "0.2.0"
  meta:
    dependency: transitive
    description:
      name: meta
      sha256: "6c268b42ed578a53088d834796959e4a1814b5e9e164f147f580a386e5decf42"
      url: "https://pub.dev"
    source: hosted
    version: "1.8.0"
  mock_exceptions:
    dependency: transitive
    description:
      name: mock_exceptions
      sha256: "6e3e623712d2c6106ffe9e14732912522b565ddaa82a8dcee6cd4441b5984056"
      url: "https://pub.dev"
    source: hosted
    version: "0.8.2"
  package_info_plus:
    dependency: transitive
    description:
      name: package_info_plus
      sha256: "10259b111176fba5c505b102e3a5b022b51dd97e30522e906d6922c745584745"
      url: "https://pub.dev"
    source: hosted
    version: "3.1.2"
  package_info_plus_platform_interface:
    dependency: transitive
    description:
      name: package_info_plus_platform_interface
      sha256: "9bc8ba46813a4cc42c66ab781470711781940780fd8beddd0c3da62506d3a6c6"
      url: "https://pub.dev"
    source: hosted
    version: "2.0.1"
  path:
    dependency: transitive
    description:
      name: path
      sha256: db9d4f58c908a4ba5953fcee2ae317c94889433e5024c27ce74a37f94267945b
      url: "https://pub.dev"
    source: hosted
    version: "1.8.2"
  path_provider:
    dependency: transitive
    description:
      name: path_provider
      sha256: c7edf82217d4b2952b2129a61d3ad60f1075b9299e629e149a8d2e39c2e6aad4
      url: "https://pub.dev"
    source: hosted
    version: "2.0.14"
  path_provider_android:
    dependency: transitive
    description:
      name: path_provider_android
      sha256: "2cec049d282c7f13c594b4a73976b0b4f2d7a1838a6dd5aaf7bd9719196bee86"
      url: "https://pub.dev"
    source: hosted
    version: "2.0.27"
  path_provider_foundation:
    dependency: transitive
    description:
      name: path_provider_foundation
      sha256: ad4c4d011830462633f03eb34445a45345673dfd4faf1ab0b4735fbd93b19183
      url: "https://pub.dev"
    source: hosted
    version: "2.2.2"
  path_provider_linux:
    dependency: transitive
    description:
      name: path_provider_linux
      sha256: "2ae08f2216225427e64ad224a24354221c2c7907e448e6e0e8b57b1eb9f10ad1"
      url: "https://pub.dev"
    source: hosted
    version: "2.1.10"
  path_provider_platform_interface:
    dependency: transitive
    description:
      name: path_provider_platform_interface
      sha256: "57585299a729335f1298b43245842678cb9f43a6310351b18fb577d6e33165ec"
      url: "https://pub.dev"
    source: hosted
    version: "2.0.6"
  path_provider_windows:
    dependency: transitive
    description:
      name: path_provider_windows
      sha256: d3f80b32e83ec208ac95253e0cd4d298e104fbc63cb29c5c69edaed43b0c69d6
      url: "https://pub.dev"
    source: hosted
    version: "2.1.6"
  platform:
    dependency: transitive
    description:
      name: platform
      sha256: "4a451831508d7d6ca779f7ac6e212b4023dd5a7d08a27a63da33756410e32b76"
      url: "https://pub.dev"
    source: hosted
    version: "3.1.0"
  plugin_platform_interface:
    dependency: transitive
    description:
      name: plugin_platform_interface
      sha256: "6a2128648c854906c53fa8e33986fc0247a1116122f9534dd20e3ab9e16a32bc"
      url: "https://pub.dev"
    source: hosted
    version: "2.1.4"
  pointycastle:
    dependency: transitive
    description:
      name: pointycastle
      sha256: "7c1e5f0d23c9016c5bbd8b1473d0d3fb3fc851b876046039509e18e0c7485f2c"
      url: "https://pub.dev"
    source: hosted
    version: "3.7.3"
  process:
    dependency: transitive
    description:
      name: process
      sha256: "53fd8db9cec1d37b0574e12f07520d582019cb6c44abf5479a01505099a34a09"
      url: "https://pub.dev"
    source: hosted
    version: "4.2.4"
  rxdart:
    dependency: transitive
    description:
      name: rxdart
      sha256: "2ef8b4e91cb3b55d155e0e34eeae0ac7107974e451495c955ac04ddee8cc21fd"
      url: "https://pub.dev"
    source: hosted
    version: "0.26.0"
  search_map_location:
    dependency: "direct main"
    description:
      name: search_map_location
      sha256: "21308e8cac8eb908fc5c61266cb6f8f002ecbe77ba5c12da8681bce68ccc2d61"
      url: "https://pub.dev"
    source: hosted
    version: "0.0.6"
  sky_engine:
    dependency: transitive
    description: flutter
    source: sdk
    version: "0.0.99"
  source_span:
    dependency: transitive
    description:
      name: source_span
      sha256: dd904f795d4b4f3b870833847c461801f6750a9fa8e61ea5ac53f9422b31f250
      url: "https://pub.dev"
    source: hosted
    version: "1.9.1"
  stack_trace:
    dependency: transitive
    description:
      name: stack_trace
      sha256: c3c7d8edb15bee7f0f74debd4b9c5f3c2ea86766fe4178eb2a18eb30a0bdaed5
      url: "https://pub.dev"
    source: hosted
    version: "1.11.0"
  stream_channel:
    dependency: transitive
    description:
      name: stream_channel
      sha256: "83615bee9045c1d322bbbd1ba209b7a749c2cbcdcb3fdd1df8eb488b3279c1c8"
      url: "https://pub.dev"
    source: hosted
    version: "2.1.1"
  string_scanner:
    dependency: transitive
    description:
      name: string_scanner
      sha256: "556692adab6cfa87322a115640c11f13cb77b3f076ddcc5d6ae3c20242bedcde"
      url: "https://pub.dev"
    source: hosted
    version: "1.2.0"
  sync_http:
    dependency: transitive
    description:
      name: sync_http
      sha256: "7f0cd72eca000d2e026bcd6f990b81d0ca06022ef4e32fb257b30d3d1014a961"
      url: "https://pub.dev"
    source: hosted
    version: "0.3.1"
  term_glyph:
    dependency: transitive
    description:
      name: term_glyph
      sha256: a29248a84fbb7c79282b40b8c72a1209db169a2e0542bce341da992fe1bc7e84
      url: "https://pub.dev"
    source: hosted
    version: "1.2.1"
  test_api:
    dependency: transitive
    description:
      name: test_api
      sha256: ad540f65f92caa91bf21dfc8ffb8c589d6e4dc0c2267818b4cc2792857706206
      url: "https://pub.dev"
    source: hosted
    version: "0.4.16"
  typed_data:
    dependency: transitive
    description:
      name: typed_data
      sha256: "26f87ade979c47a150c9eaab93ccd2bebe70a27dc0b4b29517f2904f04eb11a5"
      url: "https://pub.dev"
    source: hosted
    version: "1.3.1"
  uuid:
    dependency: transitive
    description:
      name: uuid
      sha256: "648e103079f7c64a36dc7d39369cabb358d377078a051d6ae2ad3aa539519313"
      url: "https://pub.dev"
    source: hosted
    version: "3.0.7"
  vector_math:
    dependency: transitive
    description:
      name: vector_math
      sha256: "80b3257d1492ce4d091729e3a67a60407d227c27241d6927be0130c98e741803"
      url: "https://pub.dev"
    source: hosted
    version: "2.1.4"
  vm_service:
    dependency: transitive
    description:
      name: vm_service
      sha256: e7fb6c2282f7631712b69c19d1bff82f3767eea33a2321c14fa59ad67ea391c7
      url: "https://pub.dev"
    source: hosted
    version: "9.4.0"
  webdriver:
    dependency: transitive
    description:
      name: webdriver
      sha256: ef67178f0cc7e32c1494645b11639dd1335f1d18814aa8435113a92e9ef9d841
      url: "https://pub.dev"
    source: hosted
    version: "3.0.1"
  win32:
    dependency: transitive
    description:
      name: win32
      sha256: dd8f9344bc305ae2923e3d11a2a911d9a4e2c7dd6fe0ed10626d63211a69676e
      url: "https://pub.dev"
    source: hosted
    version: "4.1.3"
  xdg_directories:
    dependency: transitive
    description:
      name: xdg_directories
      sha256: ee1505df1426458f7f60aac270645098d318a8b4766d85fde75f76f2e21807d1
      url: "https://pub.dev"
    source: hosted
    version: "1.0.0"
sdks:
  dart: ">=2.19.0 <3.0.0"
  flutter: ">=3.3.0"
